
Microsoft Visual Studio Solution File, Format Version 12.00
# Visual Studio Version 17
VisualStudioVersion = 17.9.34714.143
MinimumVisualStudioVersion = 10.0.40219.1
Project("{9A19103F-16F7-4668-BE54-9A1E7A4F7556}") = "Exam.Server", "Exam.Server\Exam.Server.csproj", "{28A83368-B985-41D7-BA3B-60BB4183E6A9}"
EndProject
Project("{54A90642-561A-4BB1-A94E-469ADEE60C69}") = "exam.client", "exam.client\exam.client.esproj", "{EDCE2818-52B3-4D75-946F-5BE5A00F2AF8}"
EndProject
Project("{9A19103F-16F7-4668-BE54-9A1E7A4F7556}") = "Exam.Application", "Exam.Application\Exam.Application.csproj", "{B06EDBFD-78B3-4759-A593-C46A0F2C59AC}"
EndProject
Project("{9A19103F-16F7-4668-BE54-9A1E7A4F7556}") = "Exam.Infrastructure", "Exam.Infrastructure\Exam.Infrastructure.csproj", "{6D5050EF-254D-46AD-A8F6-5DEBD8CEED14}"
EndProject
Project("{9A19103F-16F7-4668-BE54-9A1E7A4F7556}") = "Exam.Domain", "Exam.Domain\Exam.Domain.csproj", "{403EC0A7-DE2F-4F9C-B7FD-14FEA9910832}"
EndProject
Project("{FAE04EC0-301F-11D3-BF4B-00C04F79EFBC}") = "Exam.Application.UnitTest", "Exam.Application.UnitTest\Exam.Application.UnitTest.csproj", "{FC6502C9-C7FB-4E03-B4E1-27F4C5D5B84A}"
EndProject
Global
	GlobalSection(SolutionConfigurationPlatforms) = preSolution
		Debug|Any CPU = Debug|Any CPU
		Release|Any CPU = Release|Any CPU
	EndGlobalSection
	GlobalSection(ProjectConfigurationPlatforms) = postSolution
		{28A83368-B985-41D7-BA3B-60BB4183E6A9}.Debug|Any CPU.ActiveCfg = Debug|Any CPU
		{28A83368-B985-41D7-BA3B-60BB4183E6A9}.Debug|Any CPU.Build.0 = Debug|Any CPU
		{28A83368-B985-41D7-BA3B-60BB4183E6A9}.Release|Any CPU.ActiveCfg = Release|Any CPU
		{28A83368-B985-41D7-BA3B-60BB4183E6A9}.Release|Any CPU.Build.0 = Release|Any CPU
		{EDCE2818-52B3-4D75-946F-5BE5A00F2AF8}.Debug|Any CPU.ActiveCfg = Debug|Any CPU
		{EDCE2818-52B3-4D75-946F-5BE5A00F2AF8}.Debug|Any CPU.Build.0 = Debug|Any CPU
		{EDCE2818-52B3-4D75-946F-5BE5A00F2AF8}.Debug|Any CPU.Deploy.0 = Debug|Any CPU
		{EDCE2818-52B3-4D75-946F-5BE5A00F2AF8}.Release|Any CPU.ActiveCfg = Release|Any CPU
		{EDCE2818-52B3-4D75-946F-5BE5A00F2AF8}.Release|Any CPU.Build.0 = Release|Any CPU
		{EDCE2818-52B3-4D75-946F-5BE5A00F2AF8}.Release|Any CPU.Deploy.0 = Release|Any CPU
		{B06EDBFD-78B3-4759-A593-C46A0F2C59AC}.Debug|Any CPU.ActiveCfg = Debug|Any CPU
		{B06EDBFD-78B3-4759-A593-C46A0F2C59AC}.Debug|Any CPU.Build.0 = Debug|Any CPU
		{B06EDBFD-78B3-4759-A593-C46A0F2C59AC}.Release|Any CPU.ActiveCfg = Release|Any CPU
		{B06EDBFD-78B3-4759-A593-C46A0F2C59AC}.Release|Any CPU.Build.0 = Release|Any CPU
		{6D5050EF-254D-46AD-A8F6-5DEBD8CEED14}.Debug|Any CPU.ActiveCfg = Debug|Any CPU
		{6D5050EF-254D-46AD-A8F6-5DEBD8CEED14}.Debug|Any CPU.Build.0 = Debug|Any CPU
		{6D5050EF-254D-46AD-A8F6-5DEBD8CEED14}.Release|Any CPU.ActiveCfg = Release|Any CPU
		{6D5050EF-254D-46AD-A8F6-5DEBD8CEED14}.Release|Any CPU.Build.0 = Release|Any CPU
		{403EC0A7-DE2F-4F9C-B7FD-14FEA9910832}.Debug|Any CPU.ActiveCfg = Debug|Any CPU
		{403EC0A7-DE2F-4F9C-B7FD-14FEA9910832}.Debug|Any CPU.Build.0 = Debug|Any CPU
		{403EC0A7-DE2F-4F9C-B7FD-14FEA9910832}.Release|Any CPU.ActiveCfg = Release|Any CPU
		{403EC0A7-DE2F-4F9C-B7FD-14FEA9910832}.Release|Any CPU.Build.0 = Release|Any CPU
		{FC6502C9-C7FB-4E03-B4E1-27F4C5D5B84A}.Debug|Any CPU.ActiveCfg = Debug|Any CPU
		{FC6502C9-C7FB-4E03-B4E1-27F4C5D5B84A}.Debug|Any CPU.Build.0 = Debug|Any CPU
		{FC6502C9-C7FB-4E03-B4E1-27F4C5D5B84A}.Release|Any CPU.ActiveCfg = Release|Any CPU
		{FC6502C9-C7FB-4E03-B4E1-27F4C5D5B84A}.Release|Any CPU.Build.0 = Release|Any CPU
	EndGlobalSection
	GlobalSection(SolutionProperties) = preSolution
		HideSolutionNode = FALSE
	EndGlobalSection
	GlobalSection(ExtensibilityGlobals) = postSolution
		SolutionGuid = {1CE1B577-232F-4A92-BD4D-8D8353826EB4}
	EndGlobalSection
EndGlobal
